Microsoft Visual Studio Solution File, Format Version 12.00
# Visual Studio Version 17
VisualStudioVersion = 17.5.2.0
MinimumVisualStudioVersion = 10.0.40219.1
Project("{FAE04EC0-301F-11D3-BF4B-00C04F79EFBC}") = "CodespaceApi", "CodespaceApi\CodespaceApi.csproj", "{CAC0BB39-6212-195B-35E9-7E1F949FAB25}"
EndProject
Global
	GlobalSection(SolutionConfigurationPlatforms) = preSolution
		Debug|Any CPU = Debug|Any CPU
		Release|Any CPU = Release|Any CPU
	EndGlobalSection
	GlobalSection(ProjectConfigurationPlatforms) = postSolution
		{CAC0BB39-6212-195B-35E9-7E1F949FAB25}.Debug|Any CPU.ActiveCfg = Debug|Any CPU
		{CAC0BB39-6212-195B-35E9-7E1F949FAB25}.Debug|Any CPU.Build.0 = Debug|Any CPU
		{CAC0BB39-6212-195B-35E9-7E1F949FAB25}.Release|Any CPU.ActiveCfg = Release|Any CPU
		{CAC0BB39-6212-195B-35E9-7E1F949FAB25}.Release|Any CPU.Build.0 = Release|Any CPU
	EndGlobalSection
	GlobalSection(SolutionProperties) = preSolution
		HideSolutionNode = FALSE
	EndGlobalSection
	GlobalSection(ExtensibilityGlobals) = postSolution
		SolutionGuid = {51949906-B92B-4803-A532-F5869F34896C}
	EndGlobalSection
EndGlobal
